
Microsoft Visual Studio Solution File, Format Version 12.00
# Visual Studio Version 16
VisualStudioVersion = 16.0.32901.82
MinimumVisualStudioVersion = 10.0.40219.1
Project("{FAE04EC0-301F-11D3-BF4B-00C04F79EFBC}") = "ContractCreator", "ContractCreator.csproj", "{2508E74C-2792-4388-845B-2E373B64072B}"
EndProject
Global
	GlobalSection(SolutionConfigurationPlatforms) = preSolution
		Debug|Any CPU = Debug|Any CPU
		Release|Any CPU = Release|Any CPU
	EndGlobalSection
	GlobalSection(ProjectConfigurationPlatforms) = postSolution
		{2508E74C-2792-4388-845B-2E373B64072B}.Debug|Any CPU.ActiveCfg = Debug|Any CPU
		{2508E74C-2792-4388-845B-2E373B64072B}.Debug|Any CPU.Build.0 = Debug|Any CPU
		{2508E74C-2792-4388-845B-2E373B64072B}.Release|Any CPU.ActiveCfg = Release|Any CPU
		{2508E74C-2792-4388-845B-2E373B64072B}.Release|Any CPU.Build.0 = Release|Any CPU
	EndGlobalSection
	GlobalSection(SolutionProperties) = preSolution
		HideSolutionNode = FALSE
	EndGlobalSection
	GlobalSection(ExtensibilityGlobals) = postSolution
		SolutionGuid = {05B95563-8335-4029-933F-CF791EED2B2B}
	EndGlobalSection
EndGlobal
